// !$*UTF8*$!
{
	archiveVersion = 1;
	classes = {
	};
	objectVersion = 46;
	objects = {

/* Begin PBXBuildFile section */
		121056D91DC9B6D4000F9AC3 /* PokeCellCollectionViewCell.swift in Sources */ = {isa = PBXBuildFile; fileRef = 121056D81DC9B6D4000F9AC3 /* PokeCellCollectionViewCell.swift */; };
		1215B6D81DC62E65001B3F51 /* Pokemon.swift in Sources */ = {isa = PBXBuildFile; fileRef = 1215B6D71DC62E65001B3F51 /* Pokemon.swift */; };
		122130501DCB6017007BBAE7 /* csv.swift in Sources */ = {isa = PBXBuildFile; fileRef = 1221304F1DCB6017007BBAE7 /* csv.swift */; };
		12331B581DC4F61D003688EA /* AppDelegate.swift in Sources */ = {isa = PBXBuildFile; fileRef = 12331B571DC4F61D003688EA /* AppDelegate.swift */; };
		12331B5A1DC4F61D003688EA /* ViewController.swift in Sources */ = {isa = PBXBuildFile; fileRef = 12331B591DC4F61D003688EA /* ViewController.swift */; };
		12331B5D1DC4F61D003688EA /* Main.storyboard in Resources */ = {isa = PBXBuildFile; fileRef = 12331B5B1DC4F61D003688EA /* Main.storyboard */; };
		12331B5F1DC4F61D003688EA /* Assets.xcassets in Resources */ = {isa = PBXBuildFile; fileRef = 12331B5E1DC4F61D003688EA /* Assets.xcassets */; };
		12331B621DC4F61D003688EA /* LaunchScreen.storyboard in Resources */ = {isa = PBXBuildFile; fileRef = 12331B601DC4F61D003688EA /* LaunchScreen.storyboard */; };
		123321061DC50EFC003688EA /* pokemon.csv in Resources */ = {isa = PBXBuildFile; fileRef = 123321051DC50EFC003688EA /* pokemon.csv */; };
		12BE863A1DC7AE430065CF52 /* bg.jpg in Resources */ = {isa = PBXBuildFile; fileRef = 12BE86391DC7AE430065CF52 /* bg.jpg */; };
/* End PBXBuildFile section */

/* Begin PBXFileReference section */
		121056D81DC9B6D4000F9AC3 /* PokeCellCollectionViewCell.swift */ = {isa = PBXFileReference; fileEncoding = 4; lastKnownFileType = sourcecode.swift; path = PokeCellCollectionViewCell.swift; sourceTree = "<group>"; };
		1215B6D71DC62E65001B3F51 /* Pokemon.swift */ = {isa = PBXFileReference; fileEncoding = 4; lastKnownFileType = sourcecode.swift; path = Pokemon.swift; sourceTree = "<group>"; };
		1221304F1DCB6017007BBAE7 /* csv.swift */ = {isa = PBXFileReference; fileEncoding = 4; lastKnownFileType = sourcecode.swift; path = csv.swift; sourceTree = "<group>"; };
		12331B541DC4F61D003688EA /* Pokedex.app */ = {isa = PBXFileReference; explicitFileType = wrapper.application; includeInIndex = 0; path = Pokedex.app; sourceTree = BUILT_PRODUCTS_DIR; };
		12331B571DC4F61D003688EA /* AppDelegate.swift */ = {isa = PBXFileReference; lastKnownFileType = sourcecode.swift; path = AppDelegate.swift; sourceTree = "<group>"; };
		12331B591DC4F61D003688EA /* ViewController.swift */ = {isa = PBXFileReference; lastKnownFileType = sourcecode.swift; path = ViewController.swift; sourceTree = "<group>"; };
		12331B5C1DC4F61D003688EA /* Base */ = {isa = PBXFileReference; lastKnownFileType = file.storyboard; name = Base; path = Base.lproj/Main.storyboard; sourceTree = "<group>"; };
		12331B5E1DC4F61D003688EA /* Assets.xcassets */ = {isa = PBXFileReference; lastKnownFileType = folder.assetcatalog; path = Assets.xcassets; sourceTree = "<group>"; };
		12331B611DC4F61D003688EA /* Base */ = {isa = PBXFileReference; lastKnownFileType = file.storyboard; name = Base; path = Base.lproj/LaunchScreen.storyboard; sourceTree = "<group>"; };
		12331B631DC4F61D003688EA /* Info.plist */ = {isa = PBXFileReference; lastKnownFileType = text.plist.xml; path = Info.plist; sourceTree = "<group>"; };
		123321051DC50EFC003688EA /* pokemon.csv */ = {isa = PBXFileReference; fileEncoding = 4; lastKnownFileType = text; path = pokemon.csv; sourceTree = "<group>"; };
		12BE86391DC7AE430065CF52 /* bg.jpg */ = {isa = PBXFileReference; lastKnownFileType = image.jpeg; path = bg.jpg; sourceTree = "<group>"; };
/* End PBXFileReference section */

/* Begin PBXFrameworksBuildPhase section */
		12331B511DC4F61D003688EA /* Frameworks */ = {
			isa = PBXFrameworksBuildPhase;
			buildActionMask = 2147483647;
			files = (
			);
			runOnlyForDeploymentPostprocessing = 0;
		};
/* End PBXFrameworksBuildPhase section */

/* Begin PBXGroup section */
		121056D71DC9B69E000F9AC3 /* View */ = {
			isa = PBXGroup;
			children = (
				121056D81DC9B6D4000F9AC3 /* PokeCellCollectionViewCell.swift */,
			);
			name = View;
			sourceTree = "<group>";
		};
		1215B6D61DC62E4A001B3F51 /* Model */ = {
			isa = PBXGroup;
			children = (
				1215B6D71DC62E65001B3F51 /* Pokemon.swift */,
			);
			name = Model;
			sourceTree = "<group>";
		};
		122130511DCB603E007BBAE7 /* Utils */ = {
			isa = PBXGroup;
			children = (
				1221304F1DCB6017007BBAE7 /* csv.swift */,
			);
			name = Utils;
			sourceTree = "<group>";
		};
		122130521DCB606F007BBAE7 /* Controller */ = {
			isa = PBXGroup;
			children = (
				12331B591DC4F61D003688EA /* ViewController.swift */,
			);
			name = Controller;
			sourceTree = "<group>";
		};
		122130531DCB607B007BBAE7 /* Resources */ = {
			isa = PBXGroup;
			children = (
				123321051DC50EFC003688EA /* pokemon.csv */,
			);
			name = Resources;
			sourceTree = "<group>";
		};
		12331B4B1DC4F61D003688EA = {
			isa = PBXGroup;
			children = (
				12331B561DC4F61D003688EA /* Pokedex */,
				12331B551DC4F61D003688EA /* Products */,
			);
			sourceTree = "<group>";
		};
		12331B551DC4F61D003688EA /* Products */ = {
			isa = PBXGroup;
			children = (
				12331B541DC4F61D003688EA /* Pokedex.app */,
			);
			name = Products;
			sourceTree = "<group>";
		};
		12331B561DC4F61D003688EA /* Pokedex */ = {
			isa = PBXGroup;
			children = (
				1215B6D61DC62E4A001B3F51 /* Model */,
				122130531DCB607B007BBAE7 /* Resources */,
				122130521DCB606F007BBAE7 /* Controller */,
				121056D71DC9B69E000F9AC3 /* View */,
				122130511DCB603E007BBAE7 /* Utils */,
				12331B571DC4F61D003688EA /* AppDelegate.swift */,
				12331B5B1DC4F61D003688EA /* Main.storyboard */,
				12331B5E1DC4F61D003688EA /* Assets.xcassets */,
				12BE86391DC7AE430065CF52 /* bg.jpg */,
				12331B601DC4F61D003688EA /* LaunchScreen.storyboard */,
				12331B631DC4F61D003688EA /* Info.plist */,
			);
			path = Pokedex;
			sourceTree = "<group>";
		};
/* End PBXGroup section */

/* Begin PBXNativeTarget section */
		12331B531DC4F61D003688EA /* Pokedex */ = {
			isa = PBXNativeTarget;
			buildConfigurationList = 12331B661DC4F61D003688EA /* Build configuration list for PBXNativeTarget "Pokedex" */;
			buildPhases = (
				12331B501DC4F61D003688EA /* Sources */,
				12331B511DC4F61D003688EA /* Frameworks */,
				12331B521DC4F61D003688EA /* Resources */,
			);
			buildRules = (
			);
			dependencies = (
			);
			name = Pokedex;
			productName = Pokedex;
			productReference = 12331B541DC4F61D003688EA /* Pokedex.app */;
			productType = "com.apple.product-type.application";
		};
/* End PBXNativeTarget section */

/* Begin PBXProject section */
		12331B4C1DC4F61D003688EA /* Project object */ = {
			isa = PBXProject;
			attributes = {
				LastSwiftUpdateCheck = 0730;
				LastUpgradeCheck = 0730;
				ORGANIZATIONNAME = Arinjay;
				TargetAttributes = {
					12331B531DC4F61D003688EA = {
						CreatedOnToolsVersion = 7.3.1;
					};
				};
			};
			buildConfigurationList = 12331B4F1DC4F61D003688EA /* Build configuration list for PBXProject "Pokedex" */;
			compatibilityVersion = "Xcode 3.2";
			developmentRegion = English;
			hasScannedForEncodings = 0;
			knownRegions = (
				en,
				Base,
			);
			mainGroup = 12331B4B1DC4F61D003688EA;
			productRefGroup = 12331B551DC4F61D003688EA /* Products */;
			projectDirPath = "";
			projectRoot = "";
			targets = (
				12331B531DC4F61D003688EA /* Pokedex */,
			);
		};
/* End PBXProject section */

/* Begin PBXResourcesBuildPhase section */
		12331B521DC4F61D003688EA /* Resources */ = {
			isa = PBXResourcesBuildPhase;
			buildActionMask = 2147483647;
			files = (
				12BE863A1DC7AE430065CF52 /* bg.jpg in Resources */,
				12331B621DC4F61D003688EA /* LaunchScreen.storyboard in Resources */,
				12331B5F1DC4F61D003688EA /* Assets.xcassets in Resources */,
				123321061DC50EFC003688EA /* pokemon.csv in Resources */,
				12331B5D1DC4F61D003688EA /* Main.storyboard in Resources */,
			);
			runOnlyForDeploymentPostprocessing = 0;
		};
/* End PBXResourcesBuildPhase section */

/* Begin PBXSourcesBuildPhase section */
		12331B501DC4F61D003688EA /* Sources */ = {
			isa = PBXSourcesBuildPhase;
			buildActionMask = 2147483647;
			files = (
				12331B5A1DC4F61D003688EA /* ViewController.swift in Sources */,
				1215B6D81DC62E65001B3F51 /* Pokemon.swift in Sources */,
				121056D91DC9B6D4000F9AC3 /* PokeCellCollectionViewCell.swift in Sources */,
				12331B581DC4F61D003688EA /* AppDelegate.swift in Sources */,
				122130501DCB6017007BBAE7 /* csv.swift in Sources */,
			);
			runOnlyForDeploymentPostprocessing = 0;
		};
/* End PBXSourcesBuildPhase section */

/* Begin PBXVariantGroup section */
		12331B5B1DC4F61D003688EA /* Main.storyboard */ = {
			isa = PBXVariantGroup;
			children = (
				12331B5C1DC4F61D003688EA /* Base */,
			);
			name = Main.storyboard;
			sourceTree = "<group>";
		};
		12331B601DC4F61D003688EA /* LaunchScreen.storyboard */ = {
			isa = PBXVariantGroup;
			children = (
				12331B611DC4F61D003688EA /* Base */,
			);
			name = LaunchScreen.storyboard;
			sourceTree = "<group>";
		};
/* End PBXVariantGroup section */

/* Begin XCBuildConfiguration section */
		12331B641DC4F61D003688EA /* Debug */ = {
			isa = XCBuildConfiguration;
			buildSettings = {
				ALWAYS_SEARCH_USER_PATHS = NO;
				CLANG_ANALYZER_NONNULL = YES;
				CLANG_CXX_LANGUAGE_STANDARD = "gnu++0x";
				CLANG_CXX_LIBRARY = "libc++";
				CLANG_ENABLE_MODULES = YES;
				CLANG_ENABLE_OBJC_ARC = YES;
				CLANG_WARN_BOOL_CONVERSION = YES;
				CLANG_WARN_CONSTANT_CONVERSION = YES;
				CLANG_WARN_DIRECT_OBJC_ISA_USAGE = YES_ERROR;
				CLANG_WARN_EMPTY_BODY = YES;
				CLANG_WARN_ENUM_CONVERSION = YES;
				CLANG_WARN_INT_CONVERSION = YES;
				CLANG_WARN_OBJC_ROOT_CLASS = YES_ERROR;
				CLANG_WARN_UNREACHABLE_CODE = YES;
				CLANG_WARN__DUPLICATE_METHOD_MATCH = YES;
				"CODE_SIGN_IDENTITY[sdk=iphoneos*]" = "iPhone Developer";
				COPY_PHASE_STRIP = NO;
				DEBUG_INFORMATION_FORMAT = dwarf;
				ENABLE_STRICT_OBJC_MSGSEND = YES;
				ENABLE_TESTABILITY = YES;
				GCC_C_LANGUAGE_STANDARD = gnu99;
				GCC_DYNAMIC_NO_PIC = NO;
				GCC_NO_COMMON_BLOCKS = YES;
				GCC_OPTIMIZATION_LEVEL = 0;
				GCC_PREPROCESSOR_DEFINITIONS = (
					"DEBUG=1",
					"$(inherited)",
				);
				GCC_WARN_64_TO_32_BIT_CONVERSION = YES;
				GCC_WARN_ABOUT_RETURN_TYPE = YES_ERROR;
				GCC_WARN_UNDECLARED_SELECTOR = YES;
				GCC_WARN_UNINITIALIZED_AUTOS = YES_AGGRESSIVE;
				GCC_WARN_UNUSED_FUNCTION = YES;
				GCC_WARN_UNUSED_VARIABLE = YES;
				IPHONEOS_DEPLOYMENT_TARGET = 9.3;
				MTL_ENABLE_DEBUG_INFO = YES;
				ONLY_ACTIVE_ARCH = YES;
				SDKROOT = iphoneos;
				SWIFT_OPTIMIZATION_LEVEL = "-Onone";
			};
			name = Debug;
		};
		12331B651DC4F61D003688EA /* Release */ = {
			isa = XCBuildConfiguration;
			buildSettings = {
				ALWAYS_SEARCH_USER_PATHS = NO;
				CLANG_ANALYZER_NONNULL = YES;
				CLANG_CXX_LANGUAGE_STANDARD = "gnu++0x";
				CLANG_CXX_LIBRARY = "libc++";
				CLANG_ENABLE_MODULES = YES;
				CLANG_ENABLE_OBJC_ARC = YES;
				CLANG_WARN_BOOL_CONVERSION = YES;
				CLANG_WARN_CONSTANT_CONVERSION = YES;
				CLANG_WARN_DIRECT_OBJC_ISA_USAGE = YES_ERROR;
				CLANG_WARN_EMPTY_BODY = YES;
				CLANG_WARN_ENUM_CONVERSION = YES;
				CLANG_WARN_INT_CONVERSION = YES;
				CLANG_WARN_OBJC_ROOT_CLASS = YES_ERROR;
				CLANG_WARN_UNREACHABLE_CODE = YES;
				CLANG_WARN__DUPLICATE_METHOD_MATCH = YES;
				"CODE_SIGN_IDENTITY[sdk=iphoneos*]" = "iPhone Developer";
				COPY_PHASE_STRIP = NO;
				DEBUG_INFORMATION_FORMAT = "dwarf-with-dsym";
				ENABLE_NS_ASSERTIONS = NO;
				ENABLE_STRICT_OBJC_MSGSEND = YES;
				GCC_C_LANGUAGE_STANDARD = gnu99;
				GCC_NO_COMMON_BLOCKS = YES;
				GCC_WARN_64_TO_32_BIT_CONVERSION = YES;
				GCC_WARN_ABOUT_RETURN_TYPE = YES_ERROR;
				GCC_WARN_UNDECLARED_SELECTOR = YES;
				GCC_WARN_UNINITIALIZED_AUTOS = YES_AGGRESSIVE;
				GCC_WARN_UNUSED_FUNCTION = YES;
				GCC_WARN_UNUSED_VARIABLE = YES;
				IPHONEOS_DEPLOYMENT_TARGET = 9.3;
				MTL_ENABLE_DEBUG_INFO = NO;
				SDKROOT = iphoneos;
				VALIDATE_PRODUCT = YES;
			};
			name = Release;
		};
		12331B671DC4F61D003688EA /* Debug */ = {
			isa = XCBuildConfiguration;
			buildSettings = {
				ASSETCATALOG_COMPILER_APPICON_NAME = AppIcon;
				INFOPLIST_FILE = Pokedex/Info.plist;
				LD_RUNPATH_SEARCH_PATHS = "$(inherited) @executable_path/Frameworks";
				PRODUCT_BUNDLE_IDENTIFIER = com.Arinjay.Pokedex;
				PRODUCT_NAME = "$(TARGET_NAME)";
			};
			name = Debug;
		};
		12331B681DC4F61D003688EA /* Release */ = {
			isa = XCBuildConfiguration;
			buildSettings = {
				ASSETCATALOG_COMPILER_APPICON_NAME = AppIcon;
				INFOPLIST_FILE = Pokedex/Info.plist;
				LD_RUNPATH_SEARCH_PATHS = "$(inherited) @executable_path/Frameworks";
				PRODUCT_BUNDLE_IDENTIFIER = com.Arinjay.Pokedex;
				PRODUCT_NAME = "$(TARGET_NAME)";
			};
			name = Release;
		};
/* End XCBuildConfiguration section */

/* Begin XCConfigurationList section */
		12331B4F1DC4F61D003688EA /* Build configuration list for PBXProject "Pokedex" */ = {
			isa = XCConfigurationList;
			buildConfigurations = (
				12331B641DC4F61D003688EA /* Debug */,
				12331B651DC4F61D003688EA /* Release */,
			);
			defaultConfigurationIsVisible = 0;
			defaultConfigurationName = Release;
		};
		12331B661DC4F61D003688EA /* Build configuration list for PBXNativeTarget "Pokedex" */ = {
			isa = XCConfigurationList;
			buildConfigurations = (
				12331B671DC4F61D003688EA /* Debug */,
				12331B681DC4F61D003688EA /* Release */,
			);
			defaultConfigurationIsVisible = 0;
			defaultConfigurationName = Release;
		};
/* End XCConfigurationList section */
	};
	rootObject = 12331B4C1DC4F61D003688EA /* Project object */;
}
